<?xml version="1.0" encoding="utf-8"?>
<Project ToolsVersion="4.0" xmlns="http://schemas.microsoft.com/developer/msbuild/2003">
  <ItemGroup>
    <ClCompile Include="..\..\thirdparty\imgui\backends\imgui_impl_dx11.cpp" />
    <ClCompile Include="..\..\thirdparty\imgui\imgui.cpp" />
    <ClCompile Include="..\..\thirdparty\imgui\imgui_demo.cpp" />
    <ClCompile Include="..\..\thirdparty\imgui\imgui_draw.cpp" />
    <ClCompile Include="..\..\thirdparty\imgui\imgui_tables.cpp" />
    <ClCompile Include="..\..\thirdparty\imgui\imgui_widgets.cpp" />
    <ClCompile Include="..\..\thirdparty\imgui_impl_uwp.cpp" />
    <ClCompile Include="d3d11_x.cpp" />
    <ClCompile Include="device_child_x.cpp" />
    <ClCompile Include="device_context_x.cpp" />
    <ClCompile Include="device_x.cpp" />
    <ClCompile Include="dllmain.cpp" />
    <ClCompile Include="dma_engine.cpp" />
    <ClCompile Include="dxgi_adapter.cpp" />
    <ClCompile Include="dxgi_device.cpp" />
    <ClCompile Include="dxgi_factory.cpp" />
    <ClCompile Include="dxgi_object.cpp" />
    <ClCompile Include="dxgi_swapchain.cpp" />
    <ClCompile Include="graphics_unknown.cpp" />
    <ClCompile Include="overlay\overlay.cpp" />
  </ItemGroup>
  <ItemGroup>
    <ClInclude Include="..\..\thirdparty\imgui\backends\imgui_impl_dx11.h" />
    <ClInclude Include="..\..\thirdparty\imgui\imconfig.h" />
    <ClInclude Include="..\..\thirdparty\imgui\imgui.h" />
    <ClInclude Include="..\..\thirdparty\imgui\imgui_internal.h" />
    <ClInclude Include="..\..\thirdparty\imgui\imstb_rectpack.h" />
    <ClInclude Include="..\..\thirdparty\imgui\imstb_textedit.h" />
    <ClInclude Include="..\..\thirdparty\imgui\imstb_truetype.h" />
    <ClInclude Include="..\..\thirdparty\imgui_impl_uwp.h" />
    <ClInclude Include="d3d11_x.h" />
    <ClInclude Include="device_child_x.h" />
    <ClInclude Include="device_context_x.h" />
    <ClInclude Include="device_x.h" />
    <ClInclude Include="dma_engine.h" />
    <ClInclude Include="dxgi_adapter.h" />
    <ClInclude Include="dxgi_device.h" />
    <ClInclude Include="dxgi_factory.h" />
    <ClInclude Include="dxgi_object.hpp" />
    <ClInclude Include="dxgi_swapchain.h" />
    <ClInclude Include="graphics_unknown.h" />
    <ClInclude Include="overlay\overlay.h" />
    <ClInclude Include="resource.hpp" />
    <ClInclude Include="view.hpp" />
  </ItemGroup>
  <ItemGroup>
    <None Include="Exports.def" />
    <None Include="Exports.def.bak" />
  </ItemGroup>
</Project>